// !$*UTF8*$!
{
	archiveVersion = 1;
	classes = {
	};
	objectVersion = 56;
	objects = {

/* Begin PBXBuildFile section */
		432AA7BB2C3718D000FDB9DA /* AppDelegate.swift in Sources */ = {isa = PBXBuildFile; fileRef = 432AA7BA2C3718D000FDB9DA /* AppDelegate.swift */; };
		432AA7BD2C3718D000FDB9DA /* SceneDelegate.swift in Sources */ = {isa = PBXBuildFile; fileRef = 432AA7BC2C3718D000FDB9DA /* SceneDelegate.swift */; };
		432AA7C42C3718D200FDB9DA /* Assets.xcassets in Resources */ = {isa = PBXBuildFile; fileRef = 432AA7C32C3718D200FDB9DA /* Assets.xcassets */; };
		432AA7C72C3718D200FDB9DA /* LaunchScreen.storyboard in Resources */ = {isa = PBXBuildFile; fileRef = 432AA7C52C3718D200FDB9DA /* LaunchScreen.storyboard */; };
		432AA7E22C371F5500FDB9DA /* CharacteresModule.swift in Sources */ = {isa = PBXBuildFile; fileRef = 432AA7E12C371F5500FDB9DA /* CharacteresModule.swift */; };
		432AA7E42C37256900FDB9DA /* CharacteresView.swift in Sources */ = {isa = PBXBuildFile; fileRef = 432AA7E32C37256900FDB9DA /* CharacteresView.swift */; };
		432AA7E62C38249200FDB9DA /* CharacteresViewController.swift in Sources */ = {isa = PBXBuildFile; fileRef = 432AA7E52C38249200FDB9DA /* CharacteresViewController.swift */; };
		432AA7E82C382BB700FDB9DA /* CharacteresViewModel.swift in Sources */ = {isa = PBXBuildFile; fileRef = 432AA7E72C382BB700FDB9DA /* CharacteresViewModel.swift */; };
		432AA7EA2C382C9800FDB9DA /* CharacteresDomainListDTO.swift in Sources */ = {isa = PBXBuildFile; fileRef = 432AA7E92C382C9800FDB9DA /* CharacteresDomainListDTO.swift */; };
		432AA7EC2C382CB800FDB9DA /* CharacteresListUseCase.swift in Sources */ = {isa = PBXBuildFile; fileRef = 432AA7EB2C382CB800FDB9DA /* CharacteresListUseCase.swift */; };
		432AA7F02C382FB500FDB9DA /* CharacteresListRepositoryProtocol.swift in Sources */ = {isa = PBXBuildFile; fileRef = 432AA7EF2C382FB500FDB9DA /* CharacteresListRepositoryProtocol.swift */; };
		432AA7F42C3834D800FDB9DA /* CharacteresListRepository.swift in Sources */ = {isa = PBXBuildFile; fileRef = 432AA7F32C3834D800FDB9DA /* CharacteresListRepository.swift */; };
		432AA7F62C38350600FDB9DA /* CharacteresDataListDTO.swift in Sources */ = {isa = PBXBuildFile; fileRef = 432AA7F52C38350600FDB9DA /* CharacteresDataListDTO.swift */; };
		432AA7F82C38351900FDB9DA /* CharacteresListService.swift in Sources */ = {isa = PBXBuildFile; fileRef = 432AA7F72C38351900FDB9DA /* CharacteresListService.swift */; };
		432AA7FA2C38352500FDB9DA /* APIEndpoint.swift in Sources */ = {isa = PBXBuildFile; fileRef = 432AA7F92C38352500FDB9DA /* APIEndpoint.swift */; };
/* End PBXBuildFile section */

/* Begin PBXFileReference section */
		432AA7B72C3718D000FDB9DA /* DisneyApp.app */ = {isa = PBXFileReference; explicitFileType = wrapper.application; includeInIndex = 0; path = DisneyApp.app; sourceTree = BUILT_PRODUCTS_DIR; };
		432AA7BA2C3718D000FDB9DA /* AppDelegate.swift */ = {isa = PBXFileReference; lastKnownFileType = sourcecode.swift; path = AppDelegate.swift; sourceTree = "<group>"; };
		432AA7BC2C3718D000FDB9DA /* SceneDelegate.swift */ = {isa = PBXFileReference; lastKnownFileType = sourcecode.swift; path = SceneDelegate.swift; sourceTree = "<group>"; };
		432AA7C32C3718D200FDB9DA /* Assets.xcassets */ = {isa = PBXFileReference; lastKnownFileType = folder.assetcatalog; path = Assets.xcassets; sourceTree = "<group>"; };
		432AA7C62C3718D200FDB9DA /* Base */ = {isa = PBXFileReference; lastKnownFileType = file.storyboard; name = Base; path = Base.lproj/LaunchScreen.storyboard; sourceTree = "<group>"; };
		432AA7C82C3718D200FDB9DA /* Info.plist */ = {isa = PBXFileReference; lastKnownFileType = text.plist.xml; path = Info.plist; sourceTree = "<group>"; };
		432AA7E12C371F5500FDB9DA /* CharacteresModule.swift */ = {isa = PBXFileReference; lastKnownFileType = sourcecode.swift; path = CharacteresModule.swift; sourceTree = "<group>"; };
		432AA7E32C37256900FDB9DA /* CharacteresView.swift */ = {isa = PBXFileReference; lastKnownFileType = sourcecode.swift; path = CharacteresView.swift; sourceTree = "<group>"; };
		432AA7E52C38249200FDB9DA /* CharacteresViewController.swift */ = {isa = PBXFileReference; lastKnownFileType = sourcecode.swift; path = CharacteresViewController.swift; sourceTree = "<group>"; };
		432AA7E72C382BB700FDB9DA /* CharacteresViewModel.swift */ = {isa = PBXFileReference; lastKnownFileType = sourcecode.swift; path = CharacteresViewModel.swift; sourceTree = "<group>"; };
		432AA7E92C382C9800FDB9DA /* CharacteresDomainListDTO.swift */ = {isa = PBXFileReference; lastKnownFileType = sourcecode.swift; path = CharacteresDomainListDTO.swift; sourceTree = "<group>"; };
		432AA7EB2C382CB800FDB9DA /* CharacteresListUseCase.swift */ = {isa = PBXFileReference; lastKnownFileType = sourcecode.swift; path = CharacteresListUseCase.swift; sourceTree = "<group>"; };
		432AA7EF2C382FB500FDB9DA /* CharacteresListRepositoryProtocol.swift */ = {isa = PBXFileReference; lastKnownFileType = sourcecode.swift; path = CharacteresListRepositoryProtocol.swift; sourceTree = "<group>"; };
		432AA7F32C3834D800FDB9DA /* CharacteresListRepository.swift */ = {isa = PBXFileReference; lastKnownFileType = sourcecode.swift; path = CharacteresListRepository.swift; sourceTree = "<group>"; };
		432AA7F52C38350600FDB9DA /* CharacteresDataListDTO.swift */ = {isa = PBXFileReference; lastKnownFileType = sourcecode.swift; path = CharacteresDataListDTO.swift; sourceTree = "<group>"; };
		432AA7F72C38351900FDB9DA /* CharacteresListService.swift */ = {isa = PBXFileReference; lastKnownFileType = sourcecode.swift; path = CharacteresListService.swift; sourceTree = "<group>"; };
		432AA7F92C38352500FDB9DA /* APIEndpoint.swift */ = {isa = PBXFileReference; lastKnownFileType = sourcecode.swift; path = APIEndpoint.swift; sourceTree = "<group>"; };
/* End PBXFileReference section */

/* Begin PBXFrameworksBuildPhase section */
		432AA7B42C3718D000FDB9DA /* Frameworks */ = {
			isa = PBXFrameworksBuildPhase;
			buildActionMask = 2147483647;
			files = (
			);
			runOnlyForDeploymentPostprocessing = 0;
		};
/* End PBXFrameworksBuildPhase section */

/* Begin PBXGroup section */
		432AA7AE2C3718D000FDB9DA = {
			isa = PBXGroup;
			children = (
				432AA7B92C3718D000FDB9DA /* DisneyApp */,
				432AA7B82C3718D000FDB9DA /* Products */,
			);
			sourceTree = "<group>";
		};
		432AA7B82C3718D000FDB9DA /* Products */ = {
			isa = PBXGroup;
			children = (
				432AA7B72C3718D000FDB9DA /* DisneyApp.app */,
			);
			name = Products;
			sourceTree = "<group>";
		};
		432AA7B92C3718D000FDB9DA /* DisneyApp */ = {
			isa = PBXGroup;
			children = (
				432AA7D22C371DBC00FDB9DA /* Common */,
				432AA7D12C371DAC00FDB9DA /* Resources */,
				432AA7D02C371DA400FDB9DA /* Networking */,
				432AA7CF2C371D9B00FDB9DA /* Modules */,
				432AA7CE2C371D9300FDB9DA /* Application */,
			);
			path = DisneyApp;
			sourceTree = "<group>";
		};
		432AA7CE2C371D9300FDB9DA /* Application */ = {
			isa = PBXGroup;
			children = (
				432AA7BC2C3718D000FDB9DA /* SceneDelegate.swift */,
				432AA7BA2C3718D000FDB9DA /* AppDelegate.swift */,
			);
			path = Application;
			sourceTree = "<group>";
		};
		432AA7CF2C371D9B00FDB9DA /* Modules */ = {
			isa = PBXGroup;
			children = (
				432AA7D72C371E9000FDB9DA /* Splash */,
				432AA7D32C371DF700FDB9DA /* Characteres */,
			);
			path = Modules;
			sourceTree = "<group>";
		};
		432AA7D02C371DA400FDB9DA /* Networking */ = {
			isa = PBXGroup;
			children = (
			);
			path = Networking;
			sourceTree = "<group>";
		};
		432AA7D12C371DAC00FDB9DA /* Resources */ = {
			isa = PBXGroup;
			children = (
				432AA7C32C3718D200FDB9DA /* Assets.xcassets */,
				432AA7C82C3718D200FDB9DA /* Info.plist */,
			);
			path = Resources;
			sourceTree = "<group>";
		};
		432AA7D22C371DBC00FDB9DA /* Common */ = {
			isa = PBXGroup;
			children = (
			);
			path = Common;
			sourceTree = "<group>";
		};
		432AA7D32C371DF700FDB9DA /* Characteres */ = {
			isa = PBXGroup;
			children = (
				432AA7E12C371F5500FDB9DA /* CharacteresModule.swift */,
				432AA7D62C371E3B00FDB9DA /* Data */,
				432AA7D52C371E3600FDB9DA /* Domain */,
				432AA7D42C371E2E00FDB9DA /* Presentation */,
			);
			path = Characteres;
			sourceTree = "<group>";
		};
		432AA7D42C371E2E00FDB9DA /* Presentation */ = {
			isa = PBXGroup;
			children = (
				432AA7DA2C371EE100FDB9DA /* Util */,
				432AA7D92C371ED700FDB9DA /* ViewModel */,
				432AA7D82C371ED000FDB9DA /* View */,
			);
			path = Presentation;
			sourceTree = "<group>";
		};
		432AA7D52C371E3600FDB9DA /* Domain */ = {
			isa = PBXGroup;
			children = (
				432AA7DD2C371F0600FDB9DA /* UseCase */,
				432AA7DC2C371EFD00FDB9DA /* Interface */,
				432AA7DB2C371EF900FDB9DA /* Entity */,
			);
			path = Domain;
			sourceTree = "<group>";
		};
		432AA7D62C371E3B00FDB9DA /* Data */ = {
			isa = PBXGroup;
			children = (
				432AA7DF2C371F2300FDB9DA /* Repository */,
				432AA7DE2C371F1C00FDB9DA /* Entity */,
				432AA7E02C371F2C00FDB9DA /* Services */,
			);
			path = Data;
			sourceTree = "<group>";
		};
		432AA7D72C371E9000FDB9DA /* Splash */ = {
			isa = PBXGroup;
			children = (
				432AA7C52C3718D200FDB9DA /* LaunchScreen.storyboard */,
			);
			path = Splash;
			sourceTree = "<group>";
		};
		432AA7D82C371ED000FDB9DA /* View */ = {
			isa = PBXGroup;
			children = (
				432AA7E32C37256900FDB9DA /* CharacteresView.swift */,
				432AA7E52C38249200FDB9DA /* CharacteresViewController.swift */,
			);
			path = View;
			sourceTree = "<group>";
		};
		432AA7D92C371ED700FDB9DA /* ViewModel */ = {
			isa = PBXGroup;
			children = (
				432AA7E72C382BB700FDB9DA /* CharacteresViewModel.swift */,
			);
			path = ViewModel;
			sourceTree = "<group>";
		};
		432AA7DA2C371EE100FDB9DA /* Util */ = {
			isa = PBXGroup;
			children = (
			);
			path = Util;
			sourceTree = "<group>";
		};
		432AA7DB2C371EF900FDB9DA /* Entity */ = {
			isa = PBXGroup;
			children = (
				432AA7E92C382C9800FDB9DA /* CharacteresDomainListDTO.swift */,
			);
			path = Entity;
			sourceTree = "<group>";
		};
		432AA7DC2C371EFD00FDB9DA /* Interface */ = {
			isa = PBXGroup;
			children = (
				432AA7EE2C382F7F00FDB9DA /* Repository */,
			);
			path = Interface;
			sourceTree = "<group>";
		};
		432AA7DD2C371F0600FDB9DA /* UseCase */ = {
			isa = PBXGroup;
			children = (
				432AA7EB2C382CB800FDB9DA /* CharacteresListUseCase.swift */,
			);
			path = UseCase;
			sourceTree = "<group>";
		};
		432AA7DE2C371F1C00FDB9DA /* Entity */ = {
			isa = PBXGroup;
			children = (
				432AA7F52C38350600FDB9DA /* CharacteresDataListDTO.swift */,
			);
			path = Entity;
			sourceTree = "<group>";
		};
		432AA7DF2C371F2300FDB9DA /* Repository */ = {
			isa = PBXGroup;
			children = (
				432AA7F32C3834D800FDB9DA /* CharacteresListRepository.swift */,
			);
			path = Repository;
			sourceTree = "<group>";
		};
		432AA7E02C371F2C00FDB9DA /* Services */ = {
			isa = PBXGroup;
			children = (
				432AA7F72C38351900FDB9DA /* CharacteresListService.swift */,
				432AA7F92C38352500FDB9DA /* APIEndpoint.swift */,
			);
			path = Services;
			sourceTree = "<group>";
		};
		432AA7EE2C382F7F00FDB9DA /* Repository */ = {
			isa = PBXGroup;
			children = (
				432AA7EF2C382FB500FDB9DA /* CharacteresListRepositoryProtocol.swift */,
			);
			path = Repository;
			sourceTree = "<group>";
		};
/* End PBXGroup section */

/* Begin PBXNativeTarget section */
		432AA7B62C3718D000FDB9DA /* DisneyApp */ = {
			isa = PBXNativeTarget;
			buildConfigurationList = 432AA7CB2C3718D200FDB9DA /* Build configuration list for PBXNativeTarget "DisneyApp" */;
			buildPhases = (
				432AA7B32C3718D000FDB9DA /* Sources */,
				432AA7B42C3718D000FDB9DA /* Frameworks */,
				432AA7B52C3718D000FDB9DA /* Resources */,
			);
			buildRules = (
			);
			dependencies = (
			);
			name = DisneyApp;
			productName = DisneyApp;
			productReference = 432AA7B72C3718D000FDB9DA /* DisneyApp.app */;
			productType = "com.apple.product-type.application";
		};
/* End PBXNativeTarget section */

/* Begin PBXProject section */
		432AA7AF2C3718D000FDB9DA /* Project object */ = {
			isa = PBXProject;
			attributes = {
				BuildIndependentTargetsInParallel = 1;
				LastSwiftUpdateCheck = 1510;
				LastUpgradeCheck = 1510;
				TargetAttributes = {
					432AA7B62C3718D000FDB9DA = {
						CreatedOnToolsVersion = 15.1;
					};
				};
			};
			buildConfigurationList = 432AA7B22C3718D000FDB9DA /* Build configuration list for PBXProject "DisneyApp" */;
			compatibilityVersion = "Xcode 14.0";
			developmentRegion = en;
			hasScannedForEncodings = 0;
			knownRegions = (
				en,
				Base,
			);
			mainGroup = 432AA7AE2C3718D000FDB9DA;
			productRefGroup = 432AA7B82C3718D000FDB9DA /* Products */;
			projectDirPath = "";
			projectRoot = "";
			targets = (
				432AA7B62C3718D000FDB9DA /* DisneyApp */,
			);
		};
/* End PBXProject section */

/* Begin PBXResourcesBuildPhase section */
		432AA7B52C3718D000FDB9DA /* Resources */ = {
			isa = PBXResourcesBuildPhase;
			buildActionMask = 2147483647;
			files = (
				432AA7C72C3718D200FDB9DA /* LaunchScreen.storyboard in Resources */,
				432AA7C42C3718D200FDB9DA /* Assets.xcassets in Resources */,
			);
			runOnlyForDeploymentPostprocessing = 0;
		};
/* End PBXResourcesBuildPhase section */

/* Begin PBXSourcesBuildPhase section */
		432AA7B32C3718D000FDB9DA /* Sources */ = {
			isa = PBXSourcesBuildPhase;
			buildActionMask = 2147483647;
			files = (
				432AA7E42C37256900FDB9DA /* CharacteresView.swift in Sources */,
				432AA7F82C38351900FDB9DA /* CharacteresListService.swift in Sources */,
				432AA7EC2C382CB800FDB9DA /* CharacteresListUseCase.swift in Sources */,
				432AA7EA2C382C9800FDB9DA /* CharacteresDomainListDTO.swift in Sources */,
				432AA7F02C382FB500FDB9DA /* CharacteresListRepositoryProtocol.swift in Sources */,
				432AA7FA2C38352500FDB9DA /* APIEndpoint.swift in Sources */,
				432AA7E22C371F5500FDB9DA /* CharacteresModule.swift in Sources */,
				432AA7BB2C3718D000FDB9DA /* AppDelegate.swift in Sources */,
				432AA7E62C38249200FDB9DA /* CharacteresViewController.swift in Sources */,
				432AA7E82C382BB700FDB9DA /* CharacteresViewModel.swift in Sources */,
				432AA7BD2C3718D000FDB9DA /* SceneDelegate.swift in Sources */,
				432AA7F62C38350600FDB9DA /* CharacteresDataListDTO.swift in Sources */,
				432AA7F42C3834D800FDB9DA /* CharacteresListRepository.swift in Sources */,
			);
			runOnlyForDeploymentPostprocessing = 0;
		};
/* End PBXSourcesBuildPhase section */

/* Begin PBXVariantGroup section */
		432AA7C52C3718D200FDB9DA /* LaunchScreen.storyboard */ = {
			isa = PBXVariantGroup;
			children = (
				432AA7C62C3718D200FDB9DA /* Base */,
			);
			name = LaunchScreen.storyboard;
			sourceTree = "<group>";
		};
/* End PBXVariantGroup section */

/* Begin XCBuildConfiguration section */
		432AA7C92C3718D200FDB9DA /* Debug */ = {
			isa = XCBuildConfiguration;
			buildSettings = {
				ALWAYS_SEARCH_USER_PATHS = NO;
				ASSETCATALOG_COMPILER_GENERATE_SWIFT_ASSET_SYMBOL_EXTENSIONS = YES;
				CLANG_ANALYZER_NONNULL = YES;
				CLANG_ANALYZER_NUMBER_OBJECT_CONVERSION = YES_AGGRESSIVE;
				CLANG_CXX_LANGUAGE_STANDARD = "gnu++20";
				CLANG_ENABLE_MODULES = YES;
				CLANG_ENABLE_OBJC_ARC = YES;
				CLANG_ENABLE_OBJC_WEAK = YES;
				CLANG_WARN_BLOCK_CAPTURE_AUTORELEASING = YES;
				CLANG_WARN_BOOL_CONVERSION = YES;
				CLANG_WARN_COMMA = YES;
				CLANG_WARN_CONSTANT_CONVERSION = YES;
				CLANG_WARN_DEPRECATED_OBJC_IMPLEMENTATIONS = YES;
				CLANG_WARN_DIRECT_OBJC_ISA_USAGE = YES_ERROR;
				CLANG_WARN_DOCUMENTATION_COMMENTS = YES;
				CLANG_WARN_EMPTY_BODY = YES;
				CLANG_WARN_ENUM_CONVERSION = YES;
				CLANG_WARN_INFINITE_RECURSION = YES;
				CLANG_WARN_INT_CONVERSION = YES;
				CLANG_WARN_NON_LITERAL_NULL_CONVERSION = YES;
				CLANG_WARN_OBJC_IMPLICIT_RETAIN_SELF = YES;
				CLANG_WARN_OBJC_LITERAL_CONVERSION = YES;
				CLANG_WARN_OBJC_ROOT_CLASS = YES_ERROR;
				CLANG_WARN_QUOTED_INCLUDE_IN_FRAMEWORK_HEADER = YES;
				CLANG_WARN_RANGE_LOOP_ANALYSIS = YES;
				CLANG_WARN_STRICT_PROTOTYPES = YES;
				CLANG_WARN_SUSPICIOUS_MOVE = YES;
				CLANG_WARN_UNGUARDED_AVAILABILITY = YES_AGGRESSIVE;
				CLANG_WARN_UNREACHABLE_CODE = YES;
				CLANG_WARN__DUPLICATE_METHOD_MATCH = YES;
				COPY_PHASE_STRIP = NO;
				DEBUG_INFORMATION_FORMAT = dwarf;
				ENABLE_STRICT_OBJC_MSGSEND = YES;
				ENABLE_TESTABILITY = YES;
				ENABLE_USER_SCRIPT_SANDBOXING = YES;
				GCC_C_LANGUAGE_STANDARD = gnu17;
				GCC_DYNAMIC_NO_PIC = NO;
				GCC_NO_COMMON_BLOCKS = YES;
				GCC_OPTIMIZATION_LEVEL = 0;
				GCC_PREPROCESSOR_DEFINITIONS = (
					"DEBUG=1",
					"$(inherited)",
				);
				GCC_WARN_64_TO_32_BIT_CONVERSION = YES;
				GCC_WARN_ABOUT_RETURN_TYPE = YES_ERROR;
				GCC_WARN_UNDECLARED_SELECTOR = YES;
				GCC_WARN_UNINITIALIZED_AUTOS = YES_AGGRESSIVE;
				GCC_WARN_UNUSED_FUNCTION = YES;
				GCC_WARN_UNUSED_VARIABLE = YES;
				IPHONEOS_DEPLOYMENT_TARGET = 17.2;
				LOCALIZATION_PREFERS_STRING_CATALOGS = YES;
				MTL_ENABLE_DEBUG_INFO = INCLUDE_SOURCE;
				MTL_FAST_MATH = YES;
				ONLY_ACTIVE_ARCH = YES;
				SDKROOT = iphoneos;
				SWIFT_ACTIVE_COMPILATION_CONDITIONS = "DEBUG $(inherited)";
				SWIFT_OPTIMIZATION_LEVEL = "-Onone";
			};
			name = Debug;
		};
		432AA7CA2C3718D200FDB9DA /* Release */ = {
			isa = XCBuildConfiguration;
			buildSettings = {
				ALWAYS_SEARCH_USER_PATHS = NO;
				ASSETCATALOG_COMPILER_GENERATE_SWIFT_ASSET_SYMBOL_EXTENSIONS = YES;
				CLANG_ANALYZER_NONNULL = YES;
				CLANG_ANALYZER_NUMBER_OBJECT_CONVERSION = YES_AGGRESSIVE;
				CLANG_CXX_LANGUAGE_STANDARD = "gnu++20";
				CLANG_ENABLE_MODULES = YES;
				CLANG_ENABLE_OBJC_ARC = YES;
				CLANG_ENABLE_OBJC_WEAK = YES;
				CLANG_WARN_BLOCK_CAPTURE_AUTORELEASING = YES;
				CLANG_WARN_BOOL_CONVERSION = YES;
				CLANG_WARN_COMMA = YES;
				CLANG_WARN_CONSTANT_CONVERSION = YES;
				CLANG_WARN_DEPRECATED_OBJC_IMPLEMENTATIONS = YES;
				CLANG_WARN_DIRECT_OBJC_ISA_USAGE = YES_ERROR;
				CLANG_WARN_DOCUMENTATION_COMMENTS = YES;
				CLANG_WARN_EMPTY_BODY = YES;
				CLANG_WARN_ENUM_CONVERSION = YES;
				CLANG_WARN_INFINITE_RECURSION = YES;
				CLANG_WARN_INT_CONVERSION = YES;
				CLANG_WARN_NON_LITERAL_NULL_CONVERSION = YES;
				CLANG_WARN_OBJC_IMPLICIT_RETAIN_SELF = YES;
				CLANG_WARN_OBJC_LITERAL_CONVERSION = YES;
				CLANG_WARN_OBJC_ROOT_CLASS = YES_ERROR;
				CLANG_WARN_QUOTED_INCLUDE_IN_FRAMEWORK_HEADER = YES;
				CLANG_WARN_RANGE_LOOP_ANALYSIS = YES;
				CLANG_WARN_STRICT_PROTOTYPES = YES;
				CLANG_WARN_SUSPICIOUS_MOVE = YES;
				CLANG_WARN_UNGUARDED_AVAILABILITY = YES_AGGRESSIVE;
				CLANG_WARN_UNREACHABLE_CODE = YES;
				CLANG_WARN__DUPLICATE_METHOD_MATCH = YES;
				COPY_PHASE_STRIP = NO;
				DEBUG_INFORMATION_FORMAT = "dwarf-with-dsym";
				ENABLE_NS_ASSERTIONS = NO;
				ENABLE_STRICT_OBJC_MSGSEND = YES;
				ENABLE_USER_SCRIPT_SANDBOXING = YES;
				GCC_C_LANGUAGE_STANDARD = gnu17;
				GCC_NO_COMMON_BLOCKS = YES;
				GCC_WARN_64_TO_32_BIT_CONVERSION = YES;
				GCC_WARN_ABOUT_RETURN_TYPE = YES_ERROR;
				GCC_WARN_UNDECLARED_SELECTOR = YES;
				GCC_WARN_UNINITIALIZED_AUTOS = YES_AGGRESSIVE;
				GCC_WARN_UNUSED_FUNCTION = YES;
				GCC_WARN_UNUSED_VARIABLE = YES;
				IPHONEOS_DEPLOYMENT_TARGET = 17.2;
				LOCALIZATION_PREFERS_STRING_CATALOGS = YES;
				MTL_ENABLE_DEBUG_INFO = NO;
				MTL_FAST_MATH = YES;
				SDKROOT = iphoneos;
				SWIFT_COMPILATION_MODE = wholemodule;
				VALIDATE_PRODUCT = YES;
			};
			name = Release;
		};
		432AA7CC2C3718D200FDB9DA /* Debug */ = {
			isa = XCBuildConfiguration;
			buildSettings = {
				ASSETCATALOG_COMPILER_APPICON_NAME = AppIcon;
				ASSETCATALOG_COMPILER_GLOBAL_ACCENT_COLOR_NAME = AccentColor;
				CODE_SIGN_STYLE = Automatic;
				CURRENT_PROJECT_VERSION = 1;
				DEVELOPMENT_TEAM = 5T9TKZ5MKP;
				GENERATE_INFOPLIST_FILE = YES;
				INFOPLIST_FILE = DisneyApp/Info.plist;
				INFOPLIST_KEY_UIApplicationSupportsIndirectInputEvents = YES;
				INFOPLIST_KEY_UILaunchStoryboardName = LaunchScreen;
				INFOPLIST_KEY_UISupportedInterfaceOrientations_iPad = "UIInterfaceOrientationPortrait UIInterfaceOrientationPortraitUpsideDown UIInterfaceOrientationLandscapeLeft UIInterfaceOrientationLandscapeRight";
				INFOPLIST_KEY_UISupportedInterfaceOrientations_iPhone = "UIInterfaceOrientationPortrait UIInterfaceOrientationLandscapeLeft UIInterfaceOrientationLandscapeRight";
				LD_RUNPATH_SEARCH_PATHS = (
					"$(inherited)",
					"@executable_path/Frameworks",
				);
				MARKETING_VERSION = 1.0;
				PRODUCT_BUNDLE_IDENTIFIER = met.DisneyApp;
				PRODUCT_NAME = "$(TARGET_NAME)";
				SWIFT_EMIT_LOC_STRINGS = YES;
				SWIFT_VERSION = 5.0;
				TARGETED_DEVICE_FAMILY = "1,2";
			};
			name = Debug;
		};
		432AA7CD2C3718D200FDB9DA /* Release */ = {
			isa = XCBuildConfiguration;
			buildSettings = {
				ASSETCATALOG_COMPILER_APPICON_NAME = AppIcon;
				ASSETCATALOG_COMPILER_GLOBAL_ACCENT_COLOR_NAME = AccentColor;
				CODE_SIGN_STYLE = Automatic;
				CURRENT_PROJECT_VERSION = 1;
				DEVELOPMENT_TEAM = 5T9TKZ5MKP;
				GENERATE_INFOPLIST_FILE = YES;
				INFOPLIST_FILE = DisneyApp/Info.plist;
				INFOPLIST_KEY_UIApplicationSupportsIndirectInputEvents = YES;
				INFOPLIST_KEY_UILaunchStoryboardName = LaunchScreen;
				INFOPLIST_KEY_UISupportedInterfaceOrientations_iPad = "UIInterfaceOrientationPortrait UIInterfaceOrientationPortraitUpsideDown UIInterfaceOrientationLandscapeLeft UIInterfaceOrientationLandscapeRight";
				INFOPLIST_KEY_UISupportedInterfaceOrientations_iPhone = "UIInterfaceOrientationPortrait UIInterfaceOrientationLandscapeLeft UIInterfaceOrientationLandscapeRight";
				LD_RUNPATH_SEARCH_PATHS = (
					"$(inherited)",
					"@executable_path/Frameworks",
				);
				MARKETING_VERSION = 1.0;
				PRODUCT_BUNDLE_IDENTIFIER = met.DisneyApp;
				PRODUCT_NAME = "$(TARGET_NAME)";
				SWIFT_EMIT_LOC_STRINGS = YES;
				SWIFT_VERSION = 5.0;
				TARGETED_DEVICE_FAMILY = "1,2";
			};
			name = Release;
		};
/* End XCBuildConfiguration section */

/* Begin XCConfigurationList section */
		432AA7B22C3718D000FDB9DA /* Build configuration list for PBXProject "DisneyApp" */ = {
			isa = XCConfigurationList;
			buildConfigurations = (
				432AA7C92C3718D200FDB9DA /* Debug */,
				432AA7CA2C3718D200FDB9DA /* Release */,
			);
			defaultConfigurationIsVisible = 0;
			defaultConfigurationName = Release;
		};
		432AA7CB2C3718D200FDB9DA /* Build configuration list for PBXNativeTarget "DisneyApp" */ = {
			isa = XCConfigurationList;
			buildConfigurations = (
				432AA7CC2C3718D200FDB9DA /* Debug */,
				432AA7CD2C3718D200FDB9DA /* Release */,
			);
			defaultConfigurationIsVisible = 0;
			defaultConfigurationName = Release;
		};
/* End XCConfigurationList section */
	};
	rootObject = 432AA7AF2C3718D000FDB9DA /* Project object */;
}
