// !$*UTF8*$!
{
	archiveVersion = 1;
	classes = {
	};
	objectVersion = 56;
	objects = {

/* Begin PBXBuildFile section */
		0052389445183282AA23020E /* Pods_DisneyApp.framework in Frameworks */ = {isa = PBXBuildFile; fileRef = 5CB0A75DE5D5759FE5486AC9 /* Pods_DisneyApp.framework */; };
		432AA7BB2C3718D000FDB9DA /* AppDelegate.swift in Sources */ = {isa = PBXBuildFile; fileRef = 432AA7BA2C3718D000FDB9DA /* AppDelegate.swift */; };
		432AA7BD2C3718D000FDB9DA /* SceneDelegate.swift in Sources */ = {isa = PBXBuildFile; fileRef = 432AA7BC2C3718D000FDB9DA /* SceneDelegate.swift */; };
		432AA7C42C3718D200FDB9DA /* Assets.xcassets in Resources */ = {isa = PBXBuildFile; fileRef = 432AA7C32C3718D200FDB9DA /* Assets.xcassets */; };
		432AA7C72C3718D200FDB9DA /* LaunchScreen.storyboard in Resources */ = {isa = PBXBuildFile; fileRef = 432AA7C52C3718D200FDB9DA /* LaunchScreen.storyboard */; };
		432AA7E42C37256900FDB9DA /* CharactersView.swift in Sources */ = {isa = PBXBuildFile; fileRef = 432AA7E32C37256900FDB9DA /* CharactersView.swift */; };
		432AA7E62C38249200FDB9DA /* CharactersViewController.swift in Sources */ = {isa = PBXBuildFile; fileRef = 432AA7E52C38249200FDB9DA /* CharactersViewController.swift */; };
		432AA7E82C382BB700FDB9DA /* CharactersViewModel.swift in Sources */ = {isa = PBXBuildFile; fileRef = 432AA7E72C382BB700FDB9DA /* CharactersViewModel.swift */; };
		432AA7EA2C382C9800FDB9DA /* CharactersDomainListEntity.swift in Sources */ = {isa = PBXBuildFile; fileRef = 432AA7E92C382C9800FDB9DA /* CharactersDomainListEntity.swift */; };
		432AA7EC2C382CB800FDB9DA /* CharacteresListUseCase.swift in Sources */ = {isa = PBXBuildFile; fileRef = 432AA7EB2C382CB800FDB9DA /* CharacteresListUseCase.swift */; };
		432AA7F42C3834D800FDB9DA /* CharacteresListRepository.swift in Sources */ = {isa = PBXBuildFile; fileRef = 432AA7F32C3834D800FDB9DA /* CharacteresListRepository.swift */; };
		432AA7F62C38350600FDB9DA /* CharacteresDataListEntity.swift in Sources */ = {isa = PBXBuildFile; fileRef = 432AA7F52C38350600FDB9DA /* CharacteresDataListEntity.swift */; };
		43512A7E2C4EDEE700168C21 /* CharactersCoordinator.swift in Sources */ = {isa = PBXBuildFile; fileRef = 43512A7D2C4EDEE700168C21 /* CharactersCoordinator.swift */; };
		43512A892C4EF7EC00168C21 /* CharactersDetailView.swift in Sources */ = {isa = PBXBuildFile; fileRef = 43512A882C4EF7EC00168C21 /* CharactersDetailView.swift */; };
		43512A8B2C4EF7FA00168C21 /* CharacterDetailViewModel.swift in Sources */ = {isa = PBXBuildFile; fileRef = 43512A8A2C4EF7FA00168C21 /* CharacterDetailViewModel.swift */; };
		43512A8D2C4EF81500168C21 /* CharactersDetailViewController.swift in Sources */ = {isa = PBXBuildFile; fileRef = 43512A8C2C4EF81500168C21 /* CharactersDetailViewController.swift */; };
		43512A912C4EF8FF00168C21 /* CharactersDetailRepository.swift in Sources */ = {isa = PBXBuildFile; fileRef = 43512A902C4EF8FF00168C21 /* CharactersDetailRepository.swift */; };
		43512A932C4EF91600168C21 /* CharactersDetailEntity.swift in Sources */ = {isa = PBXBuildFile; fileRef = 43512A922C4EF91600168C21 /* CharactersDetailEntity.swift */; };
		43512A972C4EF95800168C21 /* CharactersDetailDomainEntity.swift in Sources */ = {isa = PBXBuildFile; fileRef = 43512A962C4EF95800168C21 /* CharactersDetailDomainEntity.swift */; };
		43512A992C4EF97300168C21 /* CharactersDetailUseCase.swift in Sources */ = {isa = PBXBuildFile; fileRef = 43512A982C4EF97300168C21 /* CharactersDetailUseCase.swift */; };
		43512A9B2C4EF98300168C21 /* CharactersDetailUseCaseProtocol.swift in Sources */ = {isa = PBXBuildFile; fileRef = 43512A9A2C4EF98300168C21 /* CharactersDetailUseCaseProtocol.swift */; };
		43512A9D2C4EF99000168C21 /* CharactersDetailCoordinator.swift in Sources */ = {isa = PBXBuildFile; fileRef = 43512A9C2C4EF99000168C21 /* CharactersDetailCoordinator.swift */; };
		4387E8CD2C3865F700D0E66C /* CharacterCellView.swift in Sources */ = {isa = PBXBuildFile; fileRef = 4387E8CC2C3865F700D0E66C /* CharacterCellView.swift */; };
		4387E8D32C389CCE00D0E66C /* NetworkError.swift in Sources */ = {isa = PBXBuildFile; fileRef = 4387E8D22C389CCE00D0E66C /* NetworkError.swift */; };
		43FF80FA2C3C735C00C16BA0 /* CharactersListUseCaseProtocol.swift in Sources */ = {isa = PBXBuildFile; fileRef = 43FF80F92C3C735C00C16BA0 /* CharactersListUseCaseProtocol.swift */; };
/* End PBXBuildFile section */

/* Begin PBXFileReference section */
		432AA7B72C3718D000FDB9DA /* DisneyApp.app */ = {isa = PBXFileReference; explicitFileType = wrapper.application; includeInIndex = 0; path = DisneyApp.app; sourceTree = BUILT_PRODUCTS_DIR; };
		432AA7BA2C3718D000FDB9DA /* AppDelegate.swift */ = {isa = PBXFileReference; lastKnownFileType = sourcecode.swift; path = AppDelegate.swift; sourceTree = "<group>"; };
		432AA7BC2C3718D000FDB9DA /* SceneDelegate.swift */ = {isa = PBXFileReference; lastKnownFileType = sourcecode.swift; path = SceneDelegate.swift; sourceTree = "<group>"; };
		432AA7C32C3718D200FDB9DA /* Assets.xcassets */ = {isa = PBXFileReference; lastKnownFileType = folder.assetcatalog; path = Assets.xcassets; sourceTree = "<group>"; };
		432AA7C62C3718D200FDB9DA /* Base */ = {isa = PBXFileReference; lastKnownFileType = file.storyboard; name = Base; path = Base.lproj/LaunchScreen.storyboard; sourceTree = "<group>"; };
		432AA7C82C3718D200FDB9DA /* Info.plist */ = {isa = PBXFileReference; lastKnownFileType = text.plist.xml; path = Info.plist; sourceTree = "<group>"; };
		432AA7E32C37256900FDB9DA /* CharactersView.swift */ = {isa = PBXFileReference; lastKnownFileType = sourcecode.swift; path = CharactersView.swift; sourceTree = "<group>"; };
		432AA7E52C38249200FDB9DA /* CharactersViewController.swift */ = {isa = PBXFileReference; lastKnownFileType = sourcecode.swift; path = CharactersViewController.swift; sourceTree = "<group>"; };
		432AA7E72C382BB700FDB9DA /* CharactersViewModel.swift */ = {isa = PBXFileReference; lastKnownFileType = sourcecode.swift; path = CharactersViewModel.swift; sourceTree = "<group>"; };
		432AA7E92C382C9800FDB9DA /* CharactersDomainListEntity.swift */ = {isa = PBXFileReference; lastKnownFileType = sourcecode.swift; path = CharactersDomainListEntity.swift; sourceTree = "<group>"; };
		432AA7EB2C382CB800FDB9DA /* CharacteresListUseCase.swift */ = {isa = PBXFileReference; lastKnownFileType = sourcecode.swift; path = CharacteresListUseCase.swift; sourceTree = "<group>"; };
		432AA7F32C3834D800FDB9DA /* CharacteresListRepository.swift */ = {isa = PBXFileReference; lastKnownFileType = sourcecode.swift; path = CharacteresListRepository.swift; sourceTree = "<group>"; };
		432AA7F52C38350600FDB9DA /* CharacteresDataListEntity.swift */ = {isa = PBXFileReference; lastKnownFileType = sourcecode.swift; path = CharacteresDataListEntity.swift; sourceTree = "<group>"; };
		43512A7D2C4EDEE700168C21 /* CharactersCoordinator.swift */ = {isa = PBXFileReference; lastKnownFileType = sourcecode.swift; path = CharactersCoordinator.swift; sourceTree = "<group>"; };
		43512A882C4EF7EC00168C21 /* CharactersDetailView.swift */ = {isa = PBXFileReference; lastKnownFileType = sourcecode.swift; path = CharactersDetailView.swift; sourceTree = "<group>"; };
		43512A8A2C4EF7FA00168C21 /* CharacterDetailViewModel.swift */ = {isa = PBXFileReference; lastKnownFileType = sourcecode.swift; path = CharacterDetailViewModel.swift; sourceTree = "<group>"; };
		43512A8C2C4EF81500168C21 /* CharactersDetailViewController.swift */ = {isa = PBXFileReference; lastKnownFileType = sourcecode.swift; path = CharactersDetailViewController.swift; sourceTree = "<group>"; };
		43512A902C4EF8FF00168C21 /* CharactersDetailRepository.swift */ = {isa = PBXFileReference; lastKnownFileType = sourcecode.swift; path = CharactersDetailRepository.swift; sourceTree = "<group>"; };
		43512A922C4EF91600168C21 /* CharactersDetailEntity.swift */ = {isa = PBXFileReference; lastKnownFileType = sourcecode.swift; path = CharactersDetailEntity.swift; sourceTree = "<group>"; };
		43512A962C4EF95800168C21 /* CharactersDetailDomainEntity.swift */ = {isa = PBXFileReference; lastKnownFileType = sourcecode.swift; path = CharactersDetailDomainEntity.swift; sourceTree = "<group>"; };
		43512A982C4EF97300168C21 /* CharactersDetailUseCase.swift */ = {isa = PBXFileReference; lastKnownFileType = sourcecode.swift; path = CharactersDetailUseCase.swift; sourceTree = "<group>"; };
		43512A9A2C4EF98300168C21 /* CharactersDetailUseCaseProtocol.swift */ = {isa = PBXFileReference; lastKnownFileType = sourcecode.swift; path = CharactersDetailUseCaseProtocol.swift; sourceTree = "<group>"; };
		43512A9C2C4EF99000168C21 /* CharactersDetailCoordinator.swift */ = {isa = PBXFileReference; lastKnownFileType = sourcecode.swift; path = CharactersDetailCoordinator.swift; sourceTree = "<group>"; };
		4387E8CC2C3865F700D0E66C /* CharacterCellView.swift */ = {isa = PBXFileReference; lastKnownFileType = sourcecode.swift; path = CharacterCellView.swift; sourceTree = "<group>"; };
		4387E8D22C389CCE00D0E66C /* NetworkError.swift */ = {isa = PBXFileReference; fileEncoding = 4; lastKnownFileType = sourcecode.swift; path = NetworkError.swift; sourceTree = "<group>"; };
		43FF80F92C3C735C00C16BA0 /* CharactersListUseCaseProtocol.swift */ = {isa = PBXFileReference; lastKnownFileType = sourcecode.swift; path = CharactersListUseCaseProtocol.swift; sourceTree = "<group>"; };
		5CB0A75DE5D5759FE5486AC9 /* Pods_DisneyApp.framework */ = {isa = PBXFileReference; explicitFileType = wrapper.framework; includeInIndex = 0; path = Pods_DisneyApp.framework; sourceTree = BUILT_PRODUCTS_DIR; };
		8EC2E391754FB34FF2B54537 /* Pods-DisneyApp.debug.xcconfig */ = {isa = PBXFileReference; includeInIndex = 1; lastKnownFileType = text.xcconfig; name = "Pods-DisneyApp.debug.xcconfig"; path = "Target Support Files/Pods-DisneyApp/Pods-DisneyApp.debug.xcconfig"; sourceTree = "<group>"; };
		CE2F1667BD14398EA1BC1892 /* Pods-DisneyApp.release.xcconfig */ = {isa = PBXFileReference; includeInIndex = 1; lastKnownFileType = text.xcconfig; name = "Pods-DisneyApp.release.xcconfig"; path = "Target Support Files/Pods-DisneyApp/Pods-DisneyApp.release.xcconfig"; sourceTree = "<group>"; };
/* End PBXFileReference section */

/* Begin PBXFrameworksBuildPhase section */
		432AA7B42C3718D000FDB9DA /* Frameworks */ = {
			isa = PBXFrameworksBuildPhase;
			buildActionMask = 2147483647;
			files = (
				0052389445183282AA23020E /* Pods_DisneyApp.framework in Frameworks */,
			);
			runOnlyForDeploymentPostprocessing = 0;
		};
/* End PBXFrameworksBuildPhase section */

/* Begin PBXGroup section */
		432AA7AE2C3718D000FDB9DA = {
			isa = PBXGroup;
			children = (
				432AA7B92C3718D000FDB9DA /* DisneyApp */,
				432AA7B82C3718D000FDB9DA /* Products */,
				55F4BC9321B76D6E0A831BA3 /* Pods */,
				519DA2BA4812762F559BB988 /* Frameworks */,
			);
			sourceTree = "<group>";
		};
		432AA7B82C3718D000FDB9DA /* Products */ = {
			isa = PBXGroup;
			children = (
				432AA7B72C3718D000FDB9DA /* DisneyApp.app */,
			);
			name = Products;
			sourceTree = "<group>";
		};
		432AA7B92C3718D000FDB9DA /* DisneyApp */ = {
			isa = PBXGroup;
			children = (
				432AA7D22C371DBC00FDB9DA /* Common */,
				432AA7D12C371DAC00FDB9DA /* Resources */,
				432AA7D02C371DA400FDB9DA /* Networking */,
				432AA7CF2C371D9B00FDB9DA /* Modules */,
				432AA7CE2C371D9300FDB9DA /* Application */,
			);
			path = DisneyApp;
			sourceTree = "<group>";
		};
		432AA7CE2C371D9300FDB9DA /* Application */ = {
			isa = PBXGroup;
			children = (
				432AA7BC2C3718D000FDB9DA /* SceneDelegate.swift */,
				432AA7BA2C3718D000FDB9DA /* AppDelegate.swift */,
			);
			path = Application;
			sourceTree = "<group>";
		};
		432AA7CF2C371D9B00FDB9DA /* Modules */ = {
			isa = PBXGroup;
			children = (
				432AA7D72C371E9000FDB9DA /* Splash */,
				432AA7D32C371DF700FDB9DA /* Characteres */,
			);
			path = Modules;
			sourceTree = "<group>";
		};
		432AA7D02C371DA400FDB9DA /* Networking */ = {
			isa = PBXGroup;
			children = (
				4387E8D22C389CCE00D0E66C /* NetworkError.swift */,
			);
			path = Networking;
			sourceTree = "<group>";
		};
		432AA7D12C371DAC00FDB9DA /* Resources */ = {
			isa = PBXGroup;
			children = (
				432AA7C82C3718D200FDB9DA /* Info.plist */,
				432AA7C32C3718D200FDB9DA /* Assets.xcassets */,
			);
			path = Resources;
			sourceTree = "<group>";
		};
		432AA7D22C371DBC00FDB9DA /* Common */ = {
			isa = PBXGroup;
			children = (
			);
			path = Common;
			sourceTree = "<group>";
		};
		432AA7D32C371DF700FDB9DA /* Characteres */ = {
			isa = PBXGroup;
			children = (
				43512A802C4EF5B600168C21 /* CharactersDetail */,
				43512A7F2C4EE91E00168C21 /* CharactersList */,
			);
			path = Characteres;
			sourceTree = "<group>";
		};
		432AA7D42C371E2E00FDB9DA /* Presentation */ = {
			isa = PBXGroup;
			children = (
				432AA7DA2C371EE100FDB9DA /* Util */,
				432AA7D92C371ED700FDB9DA /* ViewModel */,
				432AA7D82C371ED000FDB9DA /* View */,
			);
			path = Presentation;
			sourceTree = "<group>";
		};
		432AA7D52C371E3600FDB9DA /* Domain */ = {
			isa = PBXGroup;
			children = (
				432AA7DD2C371F0600FDB9DA /* UseCase */,
				432AA7DB2C371EF900FDB9DA /* Entity */,
			);
			path = Domain;
			sourceTree = "<group>";
		};
		432AA7D62C371E3B00FDB9DA /* Data */ = {
			isa = PBXGroup;
			children = (
				432AA7DF2C371F2300FDB9DA /* Repository */,
				432AA7DE2C371F1C00FDB9DA /* Entity */,
			);
			path = Data;
			sourceTree = "<group>";
		};
		432AA7D72C371E9000FDB9DA /* Splash */ = {
			isa = PBXGroup;
			children = (
				432AA7C52C3718D200FDB9DA /* LaunchScreen.storyboard */,
			);
			path = Splash;
			sourceTree = "<group>";
		};
		432AA7D82C371ED000FDB9DA /* View */ = {
			isa = PBXGroup;
			children = (
				432AA7E32C37256900FDB9DA /* CharactersView.swift */,
				432AA7E52C38249200FDB9DA /* CharactersViewController.swift */,
				4387E8CC2C3865F700D0E66C /* CharacterCellView.swift */,
			);
			path = View;
			sourceTree = "<group>";
		};
		432AA7D92C371ED700FDB9DA /* ViewModel */ = {
			isa = PBXGroup;
			children = (
				432AA7E72C382BB700FDB9DA /* CharactersViewModel.swift */,
			);
			path = ViewModel;
			sourceTree = "<group>";
		};
		432AA7DA2C371EE100FDB9DA /* Util */ = {
			isa = PBXGroup;
			children = (
			);
			path = Util;
			sourceTree = "<group>";
		};
		432AA7DB2C371EF900FDB9DA /* Entity */ = {
			isa = PBXGroup;
			children = (
				432AA7E92C382C9800FDB9DA /* CharactersDomainListEntity.swift */,
			);
			path = Entity;
			sourceTree = "<group>";
		};
		432AA7DD2C371F0600FDB9DA /* UseCase */ = {
			isa = PBXGroup;
			children = (
				432AA7EB2C382CB800FDB9DA /* CharacteresListUseCase.swift */,
				43FF80F92C3C735C00C16BA0 /* CharactersListUseCaseProtocol.swift */,
			);
			path = UseCase;
			sourceTree = "<group>";
		};
		432AA7DE2C371F1C00FDB9DA /* Entity */ = {
			isa = PBXGroup;
			children = (
				432AA7F52C38350600FDB9DA /* CharacteresDataListEntity.swift */,
			);
			path = Entity;
			sourceTree = "<group>";
		};
		432AA7DF2C371F2300FDB9DA /* Repository */ = {
			isa = PBXGroup;
			children = (
				432AA7F32C3834D800FDB9DA /* CharacteresListRepository.swift */,
			);
			path = Repository;
			sourceTree = "<group>";
		};
		43512A7C2C4EDE3F00168C21 /* Coordinator */ = {
			isa = PBXGroup;
			children = (
				43512A7D2C4EDEE700168C21 /* CharactersCoordinator.swift */,
			);
			path = Coordinator;
			sourceTree = "<group>";
		};
		43512A7F2C4EE91E00168C21 /* CharactersList */ = {
			isa = PBXGroup;
			children = (
				432AA7D42C371E2E00FDB9DA /* Presentation */,
				432AA7D62C371E3B00FDB9DA /* Data */,
				432AA7D52C371E3600FDB9DA /* Domain */,
				43512A7C2C4EDE3F00168C21 /* Coordinator */,
			);
			path = CharactersList;
			sourceTree = "<group>";
		};
		43512A802C4EF5B600168C21 /* CharactersDetail */ = {
			isa = PBXGroup;
			children = (
				43512A842C4EF68700168C21 /* Presentation */,
				43512A832C4EF67F00168C21 /* Data */,
				43512A822C4EF67700168C21 /* Domain */,
				43512A812C4EF66C00168C21 /* Coordinator */,
			);
			path = CharactersDetail;
			sourceTree = "<group>";
		};
		43512A812C4EF66C00168C21 /* Coordinator */ = {
			isa = PBXGroup;
			children = (
				43512A9C2C4EF99000168C21 /* CharactersDetailCoordinator.swift */,
			);
			path = Coordinator;
			sourceTree = "<group>";
		};
		43512A822C4EF67700168C21 /* Domain */ = {
			isa = PBXGroup;
			children = (
				43512A952C4EF94600168C21 /* Entity */,
				43512A942C4EF93200168C21 /* UseCase */,
			);
			path = Domain;
			sourceTree = "<group>";
		};
		43512A832C4EF67F00168C21 /* Data */ = {
			isa = PBXGroup;
			children = (
				43512A8F2C4EF8D400168C21 /* Entity */,
				43512A8E2C4EF88000168C21 /* Repository */,
			);
			path = Data;
			sourceTree = "<group>";
		};
		43512A842C4EF68700168C21 /* Presentation */ = {
			isa = PBXGroup;
			children = (
				43512A872C4EF7B700168C21 /* View */,
				43512A862C4EF7AE00168C21 /* ViewModel */,
			);
			path = Presentation;
			sourceTree = "<group>";
		};
		43512A862C4EF7AE00168C21 /* ViewModel */ = {
			isa = PBXGroup;
			children = (
				43512A8A2C4EF7FA00168C21 /* CharacterDetailViewModel.swift */,
			);
			path = ViewModel;
			sourceTree = "<group>";
		};
		43512A872C4EF7B700168C21 /* View */ = {
			isa = PBXGroup;
			children = (
				43512A882C4EF7EC00168C21 /* CharactersDetailView.swift */,
				43512A8C2C4EF81500168C21 /* CharactersDetailViewController.swift */,
			);
			path = View;
			sourceTree = "<group>";
		};
		43512A8E2C4EF88000168C21 /* Repository */ = {
			isa = PBXGroup;
			children = (
				43512A902C4EF8FF00168C21 /* CharactersDetailRepository.swift */,
			);
			path = Repository;
			sourceTree = "<group>";
		};
		43512A8F2C4EF8D400168C21 /* Entity */ = {
			isa = PBXGroup;
			children = (
				43512A922C4EF91600168C21 /* CharactersDetailEntity.swift */,
			);
			path = Entity;
			sourceTree = "<group>";
		};
		43512A942C4EF93200168C21 /* UseCase */ = {
			isa = PBXGroup;
			children = (
				43512A982C4EF97300168C21 /* CharactersDetailUseCase.swift */,
				43512A9A2C4EF98300168C21 /* CharactersDetailUseCaseProtocol.swift */,
			);
			path = UseCase;
			sourceTree = "<group>";
		};
		43512A952C4EF94600168C21 /* Entity */ = {
			isa = PBXGroup;
			children = (
				43512A962C4EF95800168C21 /* CharactersDetailDomainEntity.swift */,
			);
			path = Entity;
			sourceTree = "<group>";
		};
		519DA2BA4812762F559BB988 /* Frameworks */ = {
			isa = PBXGroup;
			children = (
				5CB0A75DE5D5759FE5486AC9 /* Pods_DisneyApp.framework */,
			);
			name = Frameworks;
			sourceTree = "<group>";
		};
		55F4BC9321B76D6E0A831BA3 /* Pods */ = {
			isa = PBXGroup;
			children = (
				8EC2E391754FB34FF2B54537 /* Pods-DisneyApp.debug.xcconfig */,
				CE2F1667BD14398EA1BC1892 /* Pods-DisneyApp.release.xcconfig */,
			);
			path = Pods;
			sourceTree = "<group>";
		};
/* End PBXGroup section */

/* Begin PBXNativeTarget section */
		432AA7B62C3718D000FDB9DA /* DisneyApp */ = {
			isa = PBXNativeTarget;
			buildConfigurationList = 432AA7CB2C3718D200FDB9DA /* Build configuration list for PBXNativeTarget "DisneyApp" */;
			buildPhases = (
				30315211092D3576C0C65A4C /* [CP] Check Pods Manifest.lock */,
				432AA7B32C3718D000FDB9DA /* Sources */,
				432AA7B42C3718D000FDB9DA /* Frameworks */,
				432AA7B52C3718D000FDB9DA /* Resources */,
				1D5F7C0873453FB25DE757E2 /* [CP] Embed Pods Frameworks */,
			);
			buildRules = (
			);
			dependencies = (
			);
			name = DisneyApp;
			productName = DisneyApp;
			productReference = 432AA7B72C3718D000FDB9DA /* DisneyApp.app */;
			productType = "com.apple.product-type.application";
		};
/* End PBXNativeTarget section */

/* Begin PBXProject section */
		432AA7AF2C3718D000FDB9DA /* Project object */ = {
			isa = PBXProject;
			attributes = {
				BuildIndependentTargetsInParallel = 1;
				LastSwiftUpdateCheck = 1510;
				LastUpgradeCheck = 1510;
				TargetAttributes = {
					432AA7B62C3718D000FDB9DA = {
						CreatedOnToolsVersion = 15.1;
					};
				};
			};
			buildConfigurationList = 432AA7B22C3718D000FDB9DA /* Build configuration list for PBXProject "DisneyApp" */;
			compatibilityVersion = "Xcode 14.0";
			developmentRegion = en;
			hasScannedForEncodings = 0;
			knownRegions = (
				en,
				Base,
			);
			mainGroup = 432AA7AE2C3718D000FDB9DA;
			productRefGroup = 432AA7B82C3718D000FDB9DA /* Products */;
			projectDirPath = "";
			projectRoot = "";
			targets = (
				432AA7B62C3718D000FDB9DA /* DisneyApp */,
			);
		};
/* End PBXProject section */

/* Begin PBXResourcesBuildPhase section */
		432AA7B52C3718D000FDB9DA /* Resources */ = {
			isa = PBXResourcesBuildPhase;
			buildActionMask = 2147483647;
			files = (
				432AA7C72C3718D200FDB9DA /* LaunchScreen.storyboard in Resources */,
				432AA7C42C3718D200FDB9DA /* Assets.xcassets in Resources */,
			);
			runOnlyForDeploymentPostprocessing = 0;
		};
/* End PBXResourcesBuildPhase section */

/* Begin PBXShellScriptBuildPhase section */
		1D5F7C0873453FB25DE757E2 /* [CP] Embed Pods Frameworks */ = {
			isa = PBXShellScriptBuildPhase;
			buildActionMask = 2147483647;
			files = (
			);
			inputFileListPaths = (
				"${PODS_ROOT}/Target Support Files/Pods-DisneyApp/Pods-DisneyApp-frameworks-${CONFIGURATION}-input-files.xcfilelist",
			);
			name = "[CP] Embed Pods Frameworks";
			outputFileListPaths = (
				"${PODS_ROOT}/Target Support Files/Pods-DisneyApp/Pods-DisneyApp-frameworks-${CONFIGURATION}-output-files.xcfilelist",
			);
			runOnlyForDeploymentPostprocessing = 0;
			shellPath = /bin/sh;
			shellScript = "\"${PODS_ROOT}/Target Support Files/Pods-DisneyApp/Pods-DisneyApp-frameworks.sh\"\n";
			showEnvVarsInLog = 0;
		};
		30315211092D3576C0C65A4C /* [CP] Check Pods Manifest.lock */ = {
			isa = PBXShellScriptBuildPhase;
			buildActionMask = 2147483647;
			files = (
			);
			inputFileListPaths = (
			);
			inputPaths = (
				"${PODS_PODFILE_DIR_PATH}/Podfile.lock",
				"${PODS_ROOT}/Manifest.lock",
			);
			name = "[CP] Check Pods Manifest.lock";
			outputFileListPaths = (
			);
			outputPaths = (
				"$(DERIVED_FILE_DIR)/Pods-DisneyApp-checkManifestLockResult.txt",
			);
			runOnlyForDeploymentPostprocessing = 0;
			shellPath = /bin/sh;
			shellScript = "diff \"${PODS_PODFILE_DIR_PATH}/Podfile.lock\" \"${PODS_ROOT}/Manifest.lock\" > /dev/null\nif [ $? != 0 ] ; then\n    # print error to STDERR\n    echo \"error: The sandbox is not in sync with the Podfile.lock. Run 'pod install' or update your CocoaPods installation.\" >&2\n    exit 1\nfi\n# This output is used by Xcode 'outputs' to avoid re-running this script phase.\necho \"SUCCESS\" > \"${SCRIPT_OUTPUT_FILE_0}\"\n";
			showEnvVarsInLog = 0;
		};
/* End PBXShellScriptBuildPhase section */

/* Begin PBXSourcesBuildPhase section */
		432AA7B32C3718D000FDB9DA /* Sources */ = {
			isa = PBXSourcesBuildPhase;
			buildActionMask = 2147483647;
			files = (
				4387E8D32C389CCE00D0E66C /* NetworkError.swift in Sources */,
				43512A8D2C4EF81500168C21 /* CharactersDetailViewController.swift in Sources */,
				432AA7E42C37256900FDB9DA /* CharactersView.swift in Sources */,
				432AA7EC2C382CB800FDB9DA /* CharacteresListUseCase.swift in Sources */,
				43512A992C4EF97300168C21 /* CharactersDetailUseCase.swift in Sources */,
				432AA7EA2C382C9800FDB9DA /* CharactersDomainListEntity.swift in Sources */,
				43512A8B2C4EF7FA00168C21 /* CharacterDetailViewModel.swift in Sources */,
				432AA7BB2C3718D000FDB9DA /* AppDelegate.swift in Sources */,
				43512A9B2C4EF98300168C21 /* CharactersDetailUseCaseProtocol.swift in Sources */,
				432AA7E62C38249200FDB9DA /* CharactersViewController.swift in Sources */,
				43512A972C4EF95800168C21 /* CharactersDetailDomainEntity.swift in Sources */,
				432AA7E82C382BB700FDB9DA /* CharactersViewModel.swift in Sources */,
				432AA7BD2C3718D000FDB9DA /* SceneDelegate.swift in Sources */,
				432AA7F62C38350600FDB9DA /* CharacteresDataListEntity.swift in Sources */,
				43FF80FA2C3C735C00C16BA0 /* CharactersListUseCaseProtocol.swift in Sources */,
				43512A9D2C4EF99000168C21 /* CharactersDetailCoordinator.swift in Sources */,
				4387E8CD2C3865F700D0E66C /* CharacterCellView.swift in Sources */,
				43512A912C4EF8FF00168C21 /* CharactersDetailRepository.swift in Sources */,
				432AA7F42C3834D800FDB9DA /* CharacteresListRepository.swift in Sources */,
				43512A932C4EF91600168C21 /* CharactersDetailEntity.swift in Sources */,
				43512A7E2C4EDEE700168C21 /* CharactersCoordinator.swift in Sources */,
				43512A892C4EF7EC00168C21 /* CharactersDetailView.swift in Sources */,
			);
			runOnlyForDeploymentPostprocessing = 0;
		};
/* End PBXSourcesBuildPhase section */

/* Begin PBXVariantGroup section */
		432AA7C52C3718D200FDB9DA /* LaunchScreen.storyboard */ = {
			isa = PBXVariantGroup;
			children = (
				432AA7C62C3718D200FDB9DA /* Base */,
			);
			name = LaunchScreen.storyboard;
			sourceTree = "<group>";
		};
/* End PBXVariantGroup section */

/* Begin XCBuildConfiguration section */
		432AA7C92C3718D200FDB9DA /* Debug */ = {
			isa = XCBuildConfiguration;
			buildSettings = {
				ALWAYS_SEARCH_USER_PATHS = NO;
				ASSETCATALOG_COMPILER_GENERATE_SWIFT_ASSET_SYMBOL_EXTENSIONS = YES;
				CLANG_ANALYZER_NONNULL = YES;
				CLANG_ANALYZER_NUMBER_OBJECT_CONVERSION = YES_AGGRESSIVE;
				CLANG_CXX_LANGUAGE_STANDARD = "gnu++20";
				CLANG_ENABLE_MODULES = YES;
				CLANG_ENABLE_OBJC_ARC = YES;
				CLANG_ENABLE_OBJC_WEAK = YES;
				CLANG_WARN_BLOCK_CAPTURE_AUTORELEASING = YES;
				CLANG_WARN_BOOL_CONVERSION = YES;
				CLANG_WARN_COMMA = YES;
				CLANG_WARN_CONSTANT_CONVERSION = YES;
				CLANG_WARN_DEPRECATED_OBJC_IMPLEMENTATIONS = YES;
				CLANG_WARN_DIRECT_OBJC_ISA_USAGE = YES_ERROR;
				CLANG_WARN_DOCUMENTATION_COMMENTS = YES;
				CLANG_WARN_EMPTY_BODY = YES;
				CLANG_WARN_ENUM_CONVERSION = YES;
				CLANG_WARN_INFINITE_RECURSION = YES;
				CLANG_WARN_INT_CONVERSION = YES;
				CLANG_WARN_NON_LITERAL_NULL_CONVERSION = YES;
				CLANG_WARN_OBJC_IMPLICIT_RETAIN_SELF = YES;
				CLANG_WARN_OBJC_LITERAL_CONVERSION = YES;
				CLANG_WARN_OBJC_ROOT_CLASS = YES_ERROR;
				CLANG_WARN_QUOTED_INCLUDE_IN_FRAMEWORK_HEADER = YES;
				CLANG_WARN_RANGE_LOOP_ANALYSIS = YES;
				CLANG_WARN_STRICT_PROTOTYPES = YES;
				CLANG_WARN_SUSPICIOUS_MOVE = YES;
				CLANG_WARN_UNGUARDED_AVAILABILITY = YES_AGGRESSIVE;
				CLANG_WARN_UNREACHABLE_CODE = YES;
				CLANG_WARN__DUPLICATE_METHOD_MATCH = YES;
				COPY_PHASE_STRIP = NO;
				DEBUG_INFORMATION_FORMAT = dwarf;
				ENABLE_STRICT_OBJC_MSGSEND = YES;
				ENABLE_TESTABILITY = YES;
				ENABLE_USER_SCRIPT_SANDBOXING = YES;
				GCC_C_LANGUAGE_STANDARD = gnu17;
				GCC_DYNAMIC_NO_PIC = NO;
				GCC_NO_COMMON_BLOCKS = YES;
				GCC_OPTIMIZATION_LEVEL = 0;
				GCC_PREPROCESSOR_DEFINITIONS = (
					"DEBUG=1",
					"$(inherited)",
				);
				GCC_WARN_64_TO_32_BIT_CONVERSION = YES;
				GCC_WARN_ABOUT_RETURN_TYPE = YES_ERROR;
				GCC_WARN_UNDECLARED_SELECTOR = YES;
				GCC_WARN_UNINITIALIZED_AUTOS = YES_AGGRESSIVE;
				GCC_WARN_UNUSED_FUNCTION = YES;
				GCC_WARN_UNUSED_VARIABLE = YES;
				IPHONEOS_DEPLOYMENT_TARGET = 17.2;
				LOCALIZATION_PREFERS_STRING_CATALOGS = YES;
				MTL_ENABLE_DEBUG_INFO = INCLUDE_SOURCE;
				MTL_FAST_MATH = YES;
				ONLY_ACTIVE_ARCH = YES;
				SDKROOT = iphoneos;
				SWIFT_ACTIVE_COMPILATION_CONDITIONS = "DEBUG $(inherited)";
				SWIFT_OPTIMIZATION_LEVEL = "-Onone";
			};
			name = Debug;
		};
		432AA7CA2C3718D200FDB9DA /* Release */ = {
			isa = XCBuildConfiguration;
			buildSettings = {
				ALWAYS_SEARCH_USER_PATHS = NO;
				ASSETCATALOG_COMPILER_GENERATE_SWIFT_ASSET_SYMBOL_EXTENSIONS = YES;
				CLANG_ANALYZER_NONNULL = YES;
				CLANG_ANALYZER_NUMBER_OBJECT_CONVERSION = YES_AGGRESSIVE;
				CLANG_CXX_LANGUAGE_STANDARD = "gnu++20";
				CLANG_ENABLE_MODULES = YES;
				CLANG_ENABLE_OBJC_ARC = YES;
				CLANG_ENABLE_OBJC_WEAK = YES;
				CLANG_WARN_BLOCK_CAPTURE_AUTORELEASING = YES;
				CLANG_WARN_BOOL_CONVERSION = YES;
				CLANG_WARN_COMMA = YES;
				CLANG_WARN_CONSTANT_CONVERSION = YES;
				CLANG_WARN_DEPRECATED_OBJC_IMPLEMENTATIONS = YES;
				CLANG_WARN_DIRECT_OBJC_ISA_USAGE = YES_ERROR;
				CLANG_WARN_DOCUMENTATION_COMMENTS = YES;
				CLANG_WARN_EMPTY_BODY = YES;
				CLANG_WARN_ENUM_CONVERSION = YES;
				CLANG_WARN_INFINITE_RECURSION = YES;
				CLANG_WARN_INT_CONVERSION = YES;
				CLANG_WARN_NON_LITERAL_NULL_CONVERSION = YES;
				CLANG_WARN_OBJC_IMPLICIT_RETAIN_SELF = YES;
				CLANG_WARN_OBJC_LITERAL_CONVERSION = YES;
				CLANG_WARN_OBJC_ROOT_CLASS = YES_ERROR;
				CLANG_WARN_QUOTED_INCLUDE_IN_FRAMEWORK_HEADER = YES;
				CLANG_WARN_RANGE_LOOP_ANALYSIS = YES;
				CLANG_WARN_STRICT_PROTOTYPES = YES;
				CLANG_WARN_SUSPICIOUS_MOVE = YES;
				CLANG_WARN_UNGUARDED_AVAILABILITY = YES_AGGRESSIVE;
				CLANG_WARN_UNREACHABLE_CODE = YES;
				CLANG_WARN__DUPLICATE_METHOD_MATCH = YES;
				COPY_PHASE_STRIP = NO;
				DEBUG_INFORMATION_FORMAT = "dwarf-with-dsym";
				ENABLE_NS_ASSERTIONS = NO;
				ENABLE_STRICT_OBJC_MSGSEND = YES;
				ENABLE_USER_SCRIPT_SANDBOXING = YES;
				GCC_C_LANGUAGE_STANDARD = gnu17;
				GCC_NO_COMMON_BLOCKS = YES;
				GCC_WARN_64_TO_32_BIT_CONVERSION = YES;
				GCC_WARN_ABOUT_RETURN_TYPE = YES_ERROR;
				GCC_WARN_UNDECLARED_SELECTOR = YES;
				GCC_WARN_UNINITIALIZED_AUTOS = YES_AGGRESSIVE;
				GCC_WARN_UNUSED_FUNCTION = YES;
				GCC_WARN_UNUSED_VARIABLE = YES;
				IPHONEOS_DEPLOYMENT_TARGET = 17.2;
				LOCALIZATION_PREFERS_STRING_CATALOGS = YES;
				MTL_ENABLE_DEBUG_INFO = NO;
				MTL_FAST_MATH = YES;
				SDKROOT = iphoneos;
				SWIFT_COMPILATION_MODE = wholemodule;
				VALIDATE_PRODUCT = YES;
			};
			name = Release;
		};
		432AA7CC2C3718D200FDB9DA /* Debug */ = {
			isa = XCBuildConfiguration;
			baseConfigurationReference = 8EC2E391754FB34FF2B54537 /* Pods-DisneyApp.debug.xcconfig */;
			buildSettings = {
				ASSETCATALOG_COMPILER_APPICON_NAME = AppIcon;
				ASSETCATALOG_COMPILER_GLOBAL_ACCENT_COLOR_NAME = AccentColor;
				CODE_SIGN_STYLE = Automatic;
				CURRENT_PROJECT_VERSION = 1;
				DEVELOPMENT_TEAM = 5T9TKZ5MKP;
				ENABLE_USER_SCRIPT_SANDBOXING = NO;
				GENERATE_INFOPLIST_FILE = YES;
				INFOPLIST_FILE = DisneyApp/Resources/Info.plist;
				INFOPLIST_KEY_UIApplicationSupportsIndirectInputEvents = YES;
				INFOPLIST_KEY_UILaunchStoryboardName = LaunchScreen;
				INFOPLIST_KEY_UISupportedInterfaceOrientations_iPad = "UIInterfaceOrientationPortrait UIInterfaceOrientationPortraitUpsideDown UIInterfaceOrientationLandscapeLeft UIInterfaceOrientationLandscapeRight";
				INFOPLIST_KEY_UISupportedInterfaceOrientations_iPhone = "UIInterfaceOrientationPortrait UIInterfaceOrientationLandscapeLeft UIInterfaceOrientationLandscapeRight";
				LD_RUNPATH_SEARCH_PATHS = (
					"$(inherited)",
					"@executable_path/Frameworks",
				);
				MARKETING_VERSION = 1.0;
				PRODUCT_BUNDLE_IDENTIFIER = met.DisneyApp;
				PRODUCT_NAME = "$(TARGET_NAME)";
				SWIFT_EMIT_LOC_STRINGS = YES;
				SWIFT_VERSION = 5.0;
				TARGETED_DEVICE_FAMILY = "1,2";
			};
			name = Debug;
		};
		432AA7CD2C3718D200FDB9DA /* Release */ = {
			isa = XCBuildConfiguration;
			baseConfigurationReference = CE2F1667BD14398EA1BC1892 /* Pods-DisneyApp.release.xcconfig */;
			buildSettings = {
				ASSETCATALOG_COMPILER_APPICON_NAME = AppIcon;
				ASSETCATALOG_COMPILER_GLOBAL_ACCENT_COLOR_NAME = AccentColor;
				CODE_SIGN_STYLE = Automatic;
				CURRENT_PROJECT_VERSION = 1;
				DEVELOPMENT_TEAM = 5T9TKZ5MKP;
				ENABLE_USER_SCRIPT_SANDBOXING = NO;
				GENERATE_INFOPLIST_FILE = YES;
				INFOPLIST_FILE = DisneyApp/Resources/Info.plist;
				INFOPLIST_KEY_UIApplicationSupportsIndirectInputEvents = YES;
				INFOPLIST_KEY_UILaunchStoryboardName = LaunchScreen;
				INFOPLIST_KEY_UISupportedInterfaceOrientations_iPad = "UIInterfaceOrientationPortrait UIInterfaceOrientationPortraitUpsideDown UIInterfaceOrientationLandscapeLeft UIInterfaceOrientationLandscapeRight";
				INFOPLIST_KEY_UISupportedInterfaceOrientations_iPhone = "UIInterfaceOrientationPortrait UIInterfaceOrientationLandscapeLeft UIInterfaceOrientationLandscapeRight";
				LD_RUNPATH_SEARCH_PATHS = (
					"$(inherited)",
					"@executable_path/Frameworks",
				);
				MARKETING_VERSION = 1.0;
				PRODUCT_BUNDLE_IDENTIFIER = met.DisneyApp;
				PRODUCT_NAME = "$(TARGET_NAME)";
				SWIFT_EMIT_LOC_STRINGS = YES;
				SWIFT_VERSION = 5.0;
				TARGETED_DEVICE_FAMILY = "1,2";
			};
			name = Release;
		};
/* End XCBuildConfiguration section */

/* Begin XCConfigurationList section */
		432AA7B22C3718D000FDB9DA /* Build configuration list for PBXProject "DisneyApp" */ = {
			isa = XCConfigurationList;
			buildConfigurations = (
				432AA7C92C3718D200FDB9DA /* Debug */,
				432AA7CA2C3718D200FDB9DA /* Release */,
			);
			defaultConfigurationIsVisible = 0;
			defaultConfigurationName = Release;
		};
		432AA7CB2C3718D200FDB9DA /* Build configuration list for PBXNativeTarget "DisneyApp" */ = {
			isa = XCConfigurationList;
			buildConfigurations = (
				432AA7CC2C3718D200FDB9DA /* Debug */,
				432AA7CD2C3718D200FDB9DA /* Release */,
			);
			defaultConfigurationIsVisible = 0;
			defaultConfigurationName = Release;
		};
/* End XCConfigurationList section */
	};
	rootObject = 432AA7AF2C3718D000FDB9DA /* Project object */;
}
